# This file is @generated by PDM.
# It is not intended for manual editing.

[metadata]
groups = ["default"]
strategy = ["inherit_metadata"]
lock_version = "4.5.0"
content_hash = "sha256:a7ff1f4f4862751d55d6393000271c32b71b115a9c09640deda34e45723c0831"

[[metadata.targets]]
requires_python = "==3.13.*"

[[package]]
name = "contourpy"
version = "1.3.3"
requires_python = ">=3.11"
summary = "Python library for calculating contours of 2D quadrilateral grids"
groups = ["default"]
dependencies = [
    "numpy>=1.25",
]
files = [
    {file = "contourpy-1.3.3-cp313-cp313-macosx_10_13_x86_64.whl", hash = "sha256:177fb367556747a686509d6fef71d221a4b198a3905fe824430e5ea0fda54eb5"},
    {file = "contourpy-1.3.3-cp313-cp313-macosx_11_0_arm64.whl", hash = "sha256:d002b6f00d73d69333dac9d0b8d5e84d9724ff9ef044fd63c5986e62b7c9e1b1"},
    {file = "contourpy-1.3.3-cp313-cp313-manylinux_2_26_aarch64.manylinux_2_28_aarch64.whl", hash = "sha256:348ac1f5d4f1d66d3322420f01d42e43122f43616e0f194fc1c9f5d830c5b286"},
    {file = "contourpy-1.3.3-cp313-cp313-manylinux_2_26_ppc64le.manylinux_2_28_ppc64le.whl", hash = "sha256:655456777ff65c2c548b7c454af9c6f33f16c8884f11083244b5819cc214f1b5"},
    {file = "contourpy-1.3.3-cp313-cp313-manylinux_2_26_s390x.manylinux_2_28_s390x.whl", hash = "sha256:644a6853d15b2512d67881586bd03f462c7ab755db95f16f14d7e238f2852c67"},
    {file = "contourpy-1.3.3-cp313-cp313-manylinux_2_27_x86_64.manylinux_2_28_x86_64.whl", hash = "sha256:4debd64f124ca62069f313a9cb86656ff087786016d76927ae2cf37846b006c9"},
    {file = "contourpy-1.3.3-cp313-cp313-musllinux_1_2_aarch64.whl", hash = "sha256:a15459b0f4615b00bbd1e91f1b9e19b7e63aea7483d03d804186f278c0af2659"},
    {file = "contourpy-1.3.3-cp313-cp313-musllinux_1_2_x86_64.whl", hash = "sha256:ca0fdcd73925568ca027e0b17ab07aad764be4706d0a925b89227e447d9737b7"},
    {file = "contourpy-1.3.3-cp313-cp313-win32.whl", hash = "sha256:b20c7c9a3bf701366556e1b1984ed2d0cedf999903c51311417cf5f591d8c78d"},
    {file = "contourpy-1.3.3-cp313-cp313-win_amd64.whl", hash = "sha256:1cadd8b8969f060ba45ed7c1b714fe69185812ab43bd6b86a9123fe8f99c3263"},
    {file = "contourpy-1.3.3-cp313-cp313-win_arm64.whl", hash = "sha256:fd914713266421b7536de2bfa8181aa8c699432b6763a0ea64195ebe28bff6a9"},
    {file = "contourpy-1.3.3-cp313-cp313t-macosx_10_13_x86_64.whl", hash = "sha256:88df9880d507169449d434c293467418b9f6cbe82edd19284aa0409e7fdb933d"},
    {file = "contourpy-1.3.3-cp313-cp313t-macosx_11_0_arm64.whl", hash = "sha256:d06bb1f751ba5d417047db62bca3c8fde202b8c11fb50742ab3ab962c81e8216"},
    {file = "contourpy-1.3.3-cp313-cp313t-manylinux_2_26_aarch64.manylinux_2_28_aarch64.whl", hash = "sha256:e4e6b05a45525357e382909a4c1600444e2a45b4795163d3b22669285591c1ae"},
    {file = "contourpy-1.3.3-cp313-cp313t-manylinux_2_26_ppc64le.manylinux_2_28_ppc64le.whl", hash = "sha256:ab3074b48c4e2cf1a960e6bbeb7f04566bf36b1861d5c9d4d8ac04b82e38ba20"},
    {file = "contourpy-1.3.3-cp313-cp313t-manylinux_2_26_s390x.manylinux_2_28_s390x.whl", hash = "sha256:6c3d53c796f8647d6deb1abe867daeb66dcc8a97e8455efa729516b997b8ed99"},
    {file = "contourpy-1.3.3-cp313-cp313t-manylinux_2_27_x86_64.manylinux_2_28_x86_64.whl", hash = "sha256:50ed930df7289ff2a8d7afeb9603f8289e5704755c7e5c3bbd929c90c817164b"},
    {file = "contourpy-1.3.3-cp313-cp313t-musllinux_1_2_aarch64.whl", hash = "sha256:4feffb6537d64b84877da813a5c30f1422ea5739566abf0bd18065ac040e120a"},
    {file = "contourpy-1.3.3-cp313-cp313t-musllinux_1_2_x86_64.whl", hash = "sha256:2b7e9480ffe2b0cd2e787e4df64270e3a0440d9db8dc823312e2c940c167df7e"},
    {file = "contourpy-1.3.3-cp313-cp313t-win32.whl", hash = "sha256:283edd842a01e3dcd435b1c5116798d661378d83d36d337b8dde1d16a5fc9ba3"},
    {file = "contourpy-1.3.3-cp313-cp313t-win_amd64.whl", hash = "sha256:87acf5963fc2b34825e5b6b048f40e3635dd547f590b04d2ab317c2619ef7ae8"},
    {file = "contourpy-1.3.3-cp313-cp313t-win_arm64.whl", hash = "sha256:3c30273eb2a55024ff31ba7d052dde990d7d8e5450f4bbb6e913558b3d6c2301"},
    {file = "contourpy-1.3.3.tar.gz", hash = "sha256:083e12155b210502d0bca491432bb04d56dc3432f95a979b429f2848c3dbe880"},
]

[[package]]
name = "cycler"
version = "0.12.1"
requires_python = ">=3.8"
summary = "Composable style cycles"
groups = ["default"]
files = [
    {file = "cycler-0.12.1-py3-none-any.whl", hash = "sha256:85cef7cff222d8644161529808465972e51340599459b8ac3ccbac5a854e0d30"},
    {file = "cycler-0.12.1.tar.gz", hash = "sha256:88bb128f02ba341da8ef447245a9e138fae777f6a23943da4540077d3601eb1c"},
]

[[package]]
name = "fonttools"
version = "4.62.1"
requires_python = ">=3.10"
summary = "Tools to manipulate font files"
groups = ["default"]
files = [
    {file = "fonttools-4.62.1-cp313-cp313-macosx_10_13_universal2.whl", hash = "sha256:c22b1014017111c401469e3acc5433e6acf6ebcc6aa9efb538a533c800971c79"},
    {file = "fonttools-4.62.1-cp313-cp313-macosx_10_13_x86_64.whl", hash = "sha256:68959f5fc58ed4599b44aad161c2837477d7f35f5f79402d97439974faebfebe"},
    {file = "fonttools-4.62.1-cp313-cp313-manylinux2014_aarch64.manylinux_2_17_aarch64.manylinux_2_28_aarch64.whl", hash = "sha256:ef46db46c9447103b8f3ff91e8ba009d5fe181b1920a83757a5762551e32bb68"},
    {file = "fonttools-4.62.1-cp313-cp313-manylinux2014_x86_64.manylinux_2_17_x86_64.whl", hash = "sha256:6706d1cb1d5e6251a97ad3c1b9347505c5615c112e66047abbef0f8545fa30d1"},
    {file = "fonttools-4.62.1-cp313-cp313-musllinux_1_2_aarch64.whl", hash = "sha256:2e7abd2b1e11736f58c1de27819e1955a53267c21732e78243fa2fa2e5c1e069"},
    {file = "fonttools-4.62.1-cp313-cp313-musllinux_1_2_x86_64.whl", hash = "sha256:403d28ce06ebfc547fbcb0cb8b7f7cc2f7a2d3e1a67ba9a34b14632df9e080f9"},
    {file = "fonttools-4.62.1-cp313-cp313-win32.whl", hash = "sha256:93c316e0f5301b2adbe6a5f658634307c096fd5aae60a5b3412e4f3e1728ab24"},
    {file = "fonttools-4.62.1-cp313-cp313-win_amd64.whl", hash = "sha256:7aa21ff53e28a9c2157acbc44e5b401149d3c9178107130e82d74ceb500e5056"},
    {file = "fonttools-4.62.1-py3-none-any.whl", hash = "sha256:7487782e2113861f4ddcc07c3436450659e3caa5e470b27dc2177cade2d8e7fd"},
    {file = "fonttools-4.62.1.tar.gz", hash = "sha256:e54c75fd6041f1122476776880f7c3c3295ffa31962dc6ebe2543c00dca58b5d"},
]

[[package]]
name = "kiwisolver"
version = "1.5.0"
requires_python = ">=3.10"
summary = "A fast implementation of the Cassowary constraint solver"
groups = ["default"]
files = [
    {file = "kiwisolver-1.5.0-cp313-cp313-macosx_10_13_universal2.whl", hash = "sha256:fd40bb9cd0891c4c3cb1ddf83f8bbfa15731a248fdc8162669405451e2724b09"},
    {file = "kiwisolver-1.5.0-cp313-cp313-macosx_10_13_x86_64.whl", hash = "sha256:c0e1403fd7c26d77c1f03e096dc58a5c726503fa0db0456678b8668f76f521e3"},
    {file = "kiwisolver-1.5.0-cp313-cp313-macosx_11_0_arm64.whl", hash = "sha256:dda366d548e89a90d88a86c692377d18d8bd64b39c1fb2b92cb31370e2896bbd"},
    {file = "kiwisolver-1.5.0-cp313-cp313-manylinux2014_x86_64.manylinux_2_17_x86_64.whl", hash = "sha256:332b4f0145c30b5f5ad9374881133e5aa64320428a57c2c2b61e9d891a51c2f3"},
    {file = "kiwisolver-1.5.0-cp313-cp313-manylinux_2_24_aarch64.manylinux_2_28_aarch64.whl", hash = "sha256:0c50b89ffd3e1a911c69a1dd3de7173c0cd10b130f56222e57898683841e4f96"},
    {file = "kiwisolver-1.5.0-cp313-cp313-manylinux_2_24_ppc64le.manylinux_2_28_ppc64le.whl", hash = "sha256:4db576bb8c3ef9365f8b40fe0f671644de6736ae2c27a2c62d7d8a1b4329f099"},
    {file = "kiwisolver-1.5.0-cp313-cp313-manylinux_2_24_s390x.manylinux_2_28_s390x.whl", hash = "sha256:0b85aad90cea8ac6797a53b5d5f2e967334fa4d1149f031c4537569972596cb8"},
    {file = "kiwisolver-1.5.0-cp313-cp313-manylinux_2_39_riscv64.whl", hash = "sha256:d36ca54cb4c6c4686f7cbb7b817f66f5911c12ddb519450bbe86707155028f87"},
    {file = "kiwisolver-1.5.0-cp313-cp313-musllinux_1_2_aarch64.whl", hash = "sha256:38f4a703656f493b0ad185211ccfca7f0386120f022066b018eb5296d8613e23"},
    {file = "kiwisolver-1.5.0-cp313-cp313-musllinux_1_2_ppc64le.whl", hash = "sha256:3ac2360e93cb41be81121755c6462cff3beaa9967188c866e5fce5cf13170859"},
    {file = "kiwisolver-1.5.0-cp313-cp313-musllinux_1_2_riscv64.whl", hash = "sha256:c95cab08d1965db3d84a121f1c7ce7479bdd4072c9b3dafd8fecce48a2e6b902"},
    {file = "kiwisolver-1.5.0-cp313-cp313-musllinux_1_2_s390x.whl", hash = "sha256:fc20894c3d21194d8041a28b65622d5b86db786da6e3cfe73f0c762951a61167"},
    {file = "kiwisolver-1.5.0-cp313-cp313-musllinux_1_2_x86_64.whl", hash = "sha256:7a32f72973f0f950c1920475d5c5ea3d971b81b6f0ec53b8d0a956cc965f22e0"},
    {file = "kiwisolver-1.5.0-cp313-cp313-win_amd64.whl", hash = "sha256:0bf3acf1419fa93064a4c2189ac0b58e3be7872bf6ee6177b0d4c63dc4cea276"},
    {file = "kiwisolver-1.5.0-cp313-cp313-win_arm64.whl", hash = "sha256:fa8eb9ecdb7efb0b226acec134e0d709e87a909fa4971a54c0c4f6e88635484c"},
    {file = "kiwisolver-1.5.0-cp313-cp313t-macosx_10_13_universal2.whl", hash = "sha256:db485b3847d182b908b483b2ed133c66d88d49cacf98fd278fadafe11b4478d1"},
    {file = "kiwisolver-1.5.0-cp313-cp313t-macosx_10_13_x86_64.whl", hash = "sha256:be12f931839a3bdfe28b584db0e640a65a8bcbc24560ae3fdb025a449b3d754e"},
    {file = "kiwisolver-1.5.0-cp313-cp313t-macosx_11_0_arm64.whl", hash = "sha256:16b85d37c2cbb3253226d26e64663f755d88a03439a9c47df6246b35defbdfb7"},
    {file = "kiwisolver-1.5.0-cp313-cp313t-manylinux2014_x86_64.manylinux_2_17_x86_64.whl", hash = "sha256:4432b835675f0ea7414aab3d37d119f7226d24869b7a829caeab49ebda407b0c"},
    {file = "kiwisolver-1.5.0-cp313-cp313t-manylinux_2_24_aarch64.manylinux_2_28_aarch64.whl", hash = "sha256:1b0feb50971481a2cc44d94e88bdb02cdd497618252ae226b8eb1201b957e368"},
    {file = "kiwisolver-1.5.0-cp313-cp313t-manylinux_2_24_ppc64le.manylinux_2_28_ppc64le.whl", hash = "sha256:56fa888f10d0f367155e76ce849fa1166fc9730d13bd2d65a2aa13b6f5424489"},
    {file = "kiwisolver-1.5.0-cp313-cp313t-manylinux_2_24_s390x.manylinux_2_28_s390x.whl", hash = "sha256:940dda65d5e764406b9fb92761cbf462e4e63f712ab60ed98f70552e496f3bf1"},
    {file = "kiwisolver-1.5.0-cp313-cp313t-manylinux_2_39_riscv64.whl", hash = "sha256:89fc958c702ee9a745e4700378f5d23fddbc46ff89e8fdbf5395c24d5c1452a3"},
    {file = "kiwisolver-1.5.0-cp313-cp313t-musllinux_1_2_aarch64.whl", hash = "sha256:9027d773c4ff81487181a925945743413f6069634d0b122d0b37684ccf4f1e18"},
    {file = "kiwisolver-1.5.0-cp313-cp313t-musllinux_1_2_ppc64le.whl", hash = "sha256:5b233ea3e165e43e35dba1d2b8ecc21cf070b45b65ae17dd2747d2713d942021"},
    {file = "kiwisolver-1.5.0-cp313-cp313t-musllinux_1_2_riscv64.whl", hash = "sha256:ce9bf03dad3b46408c08649c6fbd6ca28a9fce0eb32fdfffa6775a13103b5310"},
    {file = "kiwisolver-1.5.0-cp313-cp313t-musllinux_1_2_s390x.whl", hash = "sha256:fc4d3f1fb9ca0ae9f97b095963bc6326f1dbfd3779d6679a1e016b9baaa153d3"},
    {file = "kiwisolver-1.5.0-cp313-cp313t-musllinux_1_2_x86_64.whl", hash = "sha256:f443b4825c50a51ee68585522ab4a1d1257fac65896f282b4c6763337ac9f5d2"},
    {file = "kiwisolver-1.5.0-cp313-cp313t-win_arm64.whl", hash = "sha256:893ff3a711d1b515ba9da14ee090519bad4610ed1962fbe298a434e8c5f8db53"},
    {file = "kiwisolver-1.5.0.tar.gz", hash = "sha256:d4193f3d9dc3f6f79aaed0e5637f45d98850ebf01f7ca20e69457f3e8946b66a"},
]

[[package]]
name = "matplotlib"
version = "3.10.9"
requires_python = ">=3.10"
summary = "Python plotting package"
groups = ["default"]
dependencies = [
    "contourpy>=1.0.1",
    "cycler>=0.10",
    "fonttools>=4.22.0",
    "kiwisolver>=1.3.1",
    "numpy>=1.23",
    "packaging>=20.0",
    "pillow>=8",
    "pyparsing>=3",
    "python-dateutil>=2.7",
]
files = [
    {file = "matplotlib-3.10.9-cp313-cp313-macosx_10_13_x86_64.whl", hash = "sha256:b580440f1ff81a0e34122051a3dfabb7e4b7f9e380629929bde0eff9af72165f"},
    {file = "matplotlib-3.10.9-cp313-cp313-macosx_11_0_arm64.whl", hash = "sha256:b1b745c489cd1a77a0dc1120a05dc87af9798faebc913601feb8c73d89bf2d1e"},
    {file = "matplotlib-3.10.9-cp313-cp313-manylinux2014_x86_64.manylinux_2_17_x86_64.whl", hash = "sha256:8f3bcac1ca5ed000a6f4337d47ba67dfddf37ed6a46c15fd7f014997f7bf865f"},
    {file = "matplotlib-3.10.9-cp313-cp313-manylinux_2_27_aarch64.manylinux_2_28_aarch64.whl", hash = "sha256:7a8d66a55def891c33147ba3ba9bfcabf0b526a43764c818acbb4525e5ed0838"},
    {file = "matplotlib-3.10.9-cp313-cp313-musllinux_1_2_x86_64.whl", hash = "sha256:d843374407c4017a6403b59c6c81606773d136f3259d5b6da3131bc814542cc2"},
    {file = "matplotlib-3.10.9-cp313-cp313-win_amd64.whl", hash = "sha256:f4399f64b3e94cd500195490972ae1ee81170df1636fa15364d157d5bdd7b921"},
    {file = "matplotlib-3.10.9-cp313-cp313-win_arm64.whl", hash = "sha256:ba7b3b8ef09eab7df0e86e9ae086faa433efbfbdb46afcb3aa16aabf779469a8"},
    {file = "matplotlib-3.10.9-cp313-cp313t-macosx_10_13_x86_64.whl", hash = "sha256:09218df8a93712bd6ea133e83a153c755448cf7868316c531cffcc43f69d1cc9"},
    {file = "matplotlib-3.10.9-cp313-cp313t-macosx_11_0_arm64.whl", hash = "sha256:82368699727bfb7b0182e1aa13082e3c08e092fa1a25d3e1fd92405bff96f6d4"},
    {file = "matplotlib-3.10.9-cp313-cp313t-manylinux2014_x86_64.manylinux_2_17_x86_64.whl", hash = "sha256:3225f4e1edcb8c86c884ddf79ebe20ecd0a67d30188f279897554ccd8fded4dc"},
    {file = "matplotlib-3.10.9-cp313-cp313t-manylinux_2_27_aarch64.manylinux_2_28_aarch64.whl", hash = "sha256:de2445a0c6690d21b7eb6ce071cebad6d40a2e9bdf10d039074a96ba19797b99"},
    {file = "matplotlib-3.10.9-cp313-cp313t-musllinux_1_2_x86_64.whl", hash = "sha256:b2b9516251cb89ff618d757daec0e2ed1bf21248013844a853d87ef85ab3081d"},
    {file = "matplotlib-3.10.9-cp313-cp313t-win_amd64.whl", hash = "sha256:e9fae004b941b23ff2edcf1567a857ed77bafc8086ffa258190462328434faf8"},
    {file = "matplotlib-3.10.9-cp313-cp313t-win_arm64.whl", hash = "sha256:6b63d9c7c769b88ab81e10dc86e4e0607cf56817b9f9e6cf24b2a5f1693b8e38"},
    {file = "matplotlib-3.10.9.tar.gz", hash = "sha256:fd66508e8c6877d98e586654b608a0456db8d7e8a546eb1e2600efd957302358"},
]

[[package]]
name = "numpy"
version = "2.4.4"
requires_python = ">=3.11"
summary = "Fundamental package for array computing in Python"
groups = ["default"]
files = [
    {file = "numpy-2.4.4-cp313-cp313-macosx_10_13_x86_64.whl", hash = "sha256:08f2e31ed5e6f04b118e49821397f12767934cfdd12a1ce86a058f91e004ee50"},
    {file = "numpy-2.4.4-cp313-cp313-macosx_11_0_arm64.whl", hash = "sha256:e823b8b6edc81e747526f70f71a9c0a07ac4e7ad13020aa736bb7c9d67196115"},
    {file = "numpy-2.4.4-cp313-cp313-macosx_14_0_arm64.whl", hash = "sha256:4a19d9dba1a76618dd86b164d608566f393f8ec6ac7c44f0cc879011c45e65af"},
    {file = "numpy-2.4.4-cp313-cp313-macosx_14_0_x86_64.whl", hash = "sha256:d2a8490669bfe99a233298348acc2d824d496dee0e66e31b66a6022c2ad74a5c"},
    {file = "numpy-2.4.4-cp313-cp313-manylinux_2_27_aarch64.manylinux_2_28_aarch64.whl", hash = "sha256:45dbed2ab436a9e826e302fcdcbe9133f9b0006e5af7168afb8963a6520da103"},
    {file = "numpy-2.4.4-cp313-cp313-manylinux_2_27_x86_64.manylinux_2_28_x86_64.whl", hash = "sha256:c901b15172510173f5cb310eae652908340f8dede90fff9e3bf6c0d8dfd92f83"},
    {file = "numpy-2.4.4-cp313-cp313-musllinux_1_2_aarch64.whl", hash = "sha256:99d838547ace2c4aace6c4f76e879ddfe02bb58a80c1549928477862b7a6d6ed"},
    {file = "numpy-2.4.4-cp313-cp313-musllinux_1_2_x86_64.whl", hash = "sha256:0aec54fd785890ecca25a6003fd9a5aed47ad607bbac5cd64f836ad8666f4959"},
    {file = "numpy-2.4.4-cp313-cp313-win32.whl", hash = "sha256:07077278157d02f65c43b1b26a3886bce886f95d20aabd11f87932750dfb14ed"},
    {file = "numpy-2.4.4-cp313-cp313-win_amd64.whl", hash = "sha256:5c70f1cc1c4efbe316a572e2d8b9b9cc44e89b95f79ca3331553fbb63716e2bf"},
    {file = "numpy-2.4.4-cp313-cp313-win_arm64.whl", hash = "sha256:ef4059d6e5152fa1a39f888e344c73fdc926e1b2dd58c771d67b0acfbf2aa67d"},
    {file = "numpy-2.4.4-cp313-cp313t-macosx_11_0_arm64.whl", hash = "sha256:4bbc7f303d125971f60ec0aaad5e12c62d0d2c925f0ab1273debd0e4ba37aba5"},
    {file = "numpy-2.4.4-cp313-cp313t-macosx_14_0_arm64.whl", hash = "sha256:4d6d57903571f86180eb98f8f0c839fa9ebbfb031356d87f1361be91e433f5b7"},
    {file = "numpy-2.4.4-cp313-cp313t-macosx_14_0_x86_64.whl", hash = "sha256:4636de7fd195197b7535f231b5de9e4b36d2c440b6e566d2e4e4746e6af0ca93"},
    {file = "numpy-2.4.4-cp313-cp313t-manylinux_2_27_aarch64.manylinux_2_28_aarch64.whl", hash = "sha256:ad2e2ef14e0b04e544ea2fa0a36463f847f113d314aa02e5b402fdf910ef309e"},
    {file = "numpy-2.4.4-cp313-cp313t-manylinux_2_27_x86_64.manylinux_2_28_x86_64.whl", hash = "sha256:5a285b3b96f951841799528cd1f4f01cd70e7e0204b4abebac9463eecfcf2a40"},
    {file = "numpy-2.4.4-cp313-cp313t-musllinux_1_2_aarch64.whl", hash = "sha256:f8474c4241bc18b750be2abea9d7a9ec84f46ef861dbacf86a4f6e043401f79e"},
    {file = "numpy-2.4.4-cp313-cp313t-musllinux_1_2_x86_64.whl", hash = "sha256:4e874c976154687c1f71715b034739b45c7711bec81db01914770373d125e392"},
    {file = "numpy-2.4.4-cp313-cp313t-win32.whl", hash = "sha256:9c585a1790d5436a5374bac930dad6ed244c046ed91b2b2a3634eb2971d21008"},
    {file = "numpy-2.4.4-cp313-cp313t-win_amd64.whl", hash = "sha256:93e15038125dc1e5345d9b5b68aa7f996ec33b98118d18c6ca0d0b7d6198b7e8"},
    {file = "numpy-2.4.4-cp313-cp313t-win_arm64.whl", hash = "sha256:0dfd3f9d3adbe2920b68b5cd3d51444e13a10792ec7154cd0a2f6e74d4ab3233"},
    {file = "numpy-2.4.4.tar.gz", hash = "sha256:2d390634c5182175533585cc89f3608a4682ccb173cc9bb940b2881c8d6f8fa0"},
]

[[package]]
name = "packaging"
version = "26.2"
requires_python = ">=3.8"
summary = "Core utilities for Python packages"
groups = ["default"]
files = [
    {file = "packaging-26.2-py3-none-any.whl", hash = "sha256:5fc45236b9446107ff2415ce77c807cee2862cb6fac22b8a73826d0693b0980e"},
    {file = "packaging-26.2.tar.gz", hash = "sha256:ff452ff5a3e828ce110190feff1178bb1f2ea2281fa2075aadb987c2fb221661"},
]

[[package]]
name = "pillow"
version = "12.2.0"
requires_python = ">=3.10"
summary = "Python Imaging Library (fork)"
groups = ["default"]
files = [
    {file = "pillow-12.2.0-cp313-cp313-ios_13_0_arm64_iphoneos.whl", hash = "sha256:8297651f5b5679c19968abefd6bb84d95fe30ef712eb1b2d9b2d31ca61267f4c"},
    {file = "pillow-12.2.0-cp313-cp313-ios_13_0_arm64_iphonesimulator.whl", hash = "sha256:50d8520da2a6ce0af445fa6d648c4273c3eeefbc32d7ce049f22e8b5c3daecc2"},
    {file = "pillow-12.2.0-cp313-cp313-ios_13_0_x86_64_iphonesimulator.whl", hash = "sha256:766cef22385fa1091258ad7e6216792b156dc16d8d3fa607e7545b2b72061f1c"},
    {file = "pillow-12.2.0-cp313-cp313-macosx_10_13_x86_64.whl", hash = "sha256:5d2fd0fa6b5d9d1de415060363433f28da8b1526c1c129020435e186794b3795"},
    {file = "pillow-12.2.0-cp313-cp313-macosx_11_0_arm64.whl", hash = "sha256:56b25336f502b6ed02e889f4ece894a72612fe885889a6e8c4c80239ff6e5f5f"},
    {file = "pillow-12.2.0-cp313-cp313-manylinux2014_aarch64.manylinux_2_17_aarch64.whl", hash = "sha256:f1c943e96e85df3d3478f7b691f229887e143f81fedab9b20205349ab04d73ed"},
    {file = "pillow-12.2.0-cp313-cp313-manylinux2014_x86_64.manylinux_2_17_x86_64.whl", hash = "sha256:03f6fab9219220f041c74aeaa2939ff0062bd5c364ba9ce037197f4c6d498cd9"},
    {file = "pillow-12.2.0-cp313-cp313-manylinux_2_27_aarch64.manylinux_2_28_aarch64.whl", hash = "sha256:5cdfebd752ec52bf5bb4e35d9c64b40826bc5b40a13df7c3cda20a2c03a0f5ed"},
    {file = "pillow-12.2.0-cp313-cp313-manylinux_2_27_x86_64.manylinux_2_28_x86_64.whl", hash = "sha256:eedf4b74eda2b5a4b2b2fb4c006d6295df3bf29e459e198c90ea48e130dc75c3"},
    {file = "pillow-12.2.0-cp313-cp313-musllinux_1_2_aarch64.whl", hash = "sha256:00a2865911330191c0b818c59103b58a5e697cae67042366970a6b6f1b20b7f9"},
    {file = "pillow-12.2.0-cp313-cp313-musllinux_1_2_x86_64.whl", hash = "sha256:1e1757442ed87f4912397c6d35a0db6a7b52592156014706f17658ff58bbf795"},
    {file = "pillow-12.2.0-cp313-cp313-win32.whl", hash = "sha256:144748b3af2d1b358d41286056d0003f47cb339b8c43a9ea42f5fea4d8c66b6e"},
    {file = "pillow-12.2.0-cp313-cp313-win_amd64.whl", hash = "sha256:390ede346628ccc626e5730107cde16c42d3836b89662a115a921f28440e6a3b"},
    {file = "pillow-12.2.0-cp313-cp313-win_arm64.whl", hash = "sha256:8023abc91fba39036dbce14a7d6535632f99c0b857807cbbbf21ecc9f4717f06"},
    {file = "pillow-12.2.0-cp313-cp313t-macosx_10_13_x86_64.whl", hash = "sha256:042db20a421b9bafecc4b84a8b6e444686bd9d836c7fd24542db3e7df7baad9b"},
    {file = "pillow-12.2.0-cp313-cp313t-macosx_11_0_arm64.whl", hash = "sha256:dd025009355c926a84a612fecf58bb315a3f6814b17ead51a8e48d3823d9087f"},
    {file = "pillow-12.2.0-cp313-cp313t-manylinux2014_aarch64.manylinux_2_17_aarch64.whl", hash = "sha256:88ddbc66737e277852913bd1e07c150cc7bb124539f94c4e2df5344494e0a612"},
    {file = "pillow-12.2.0-cp313-cp313t-manylinux2014_x86_64.manylinux_2_17_x86_64.whl", hash = "sha256:d362d1878f00c142b7e1a16e6e5e780f02be8195123f164edf7eddd911eefe7c"},
    {file = "pillow-12.2.0-cp313-cp313t-manylinux_2_27_aarch64.manylinux_2_28_aarch64.whl", hash = "sha256:2c727a6d53cb0018aadd8018c2b938376af27914a68a492f59dfcaca650d5eea"},
    {file = "pillow-12.2.0-cp313-cp313t-manylinux_2_27_x86_64.manylinux_2_28_x86_64.whl", hash = "sha256:efd8c21c98c5cc60653bcb311bef2ce0401642b7ce9d09e03a7da87c878289d4"},
    {file = "pillow-12.2.0-cp313-cp313t-musllinux_1_2_aarch64.whl", hash = "sha256:9f08483a632889536b8139663db60f6724bfcb443c96f1b18855860d7d5c0fd4"},
    {file = "pillow-12.2.0-cp313-cp313t-musllinux_1_2_x86_64.whl", hash = "sha256:dac8d77255a37e81a2efcbd1fc05f1c15ee82200e6c240d7e127e25e365c39ea"},
    {file = "pillow-12.2.0-cp313-cp313t-win32.whl", hash = "sha256:ee3120ae9dff32f121610bb08e4313be87e03efeadfc6c0d18f89127e24d0c24"},
    {file = "pillow-12.2.0-cp313-cp313t-win_amd64.whl", hash = "sha256:325ca0528c6788d2a6c3d40e3568639398137346c3d6e66bb61db96b96511c98"},
    {file = "pillow-12.2.0-cp313-cp313t-win_arm64.whl", hash = "sha256:2e5a76d03a6c6dcef67edabda7a52494afa4035021a79c8558e14af25313d453"},
    {file = "pillow-12.2.0.tar.gz", hash = "sha256:a830b1a40919539d07806aa58e1b114df53ddd43213d9c8b75847eee6c0182b5"},
]

[[package]]
name = "pyparsing"
version = "3.3.2"
requires_python = ">=3.9"
summary = "pyparsing - Classes and methods to define and execute parsing grammars"
groups = ["default"]
files = [
    {file = "pyparsing-3.3.2-py3-none-any.whl", hash = "sha256:850ba148bd908d7e2411587e247a1e4f0327839c40e2e5e6d05a007ecc69911d"},
    {file = "pyparsing-3.3.2.tar.gz", hash = "sha256:c777f4d763f140633dcb6d8a3eda953bf7a214dc4eff598413c070bcdc117cbc"},
]

[[package]]
name = "python-dateutil"
version = "2.9.0.post0"
requires_python = "!=3.0.*,!=3.1.*,!=3.2.*,>=2.7"
summary = "Extensions to the standard Python datetime module"
groups = ["default"]
dependencies = [
    "six>=1.5",
]
files = [
    {file = "python-dateutil-2.9.0.post0.tar.gz", hash = "sha256:37dd54208da7e1cd875388217d5e00ebd4179249f90fb72437e91a35459a0ad3"},
    {file = "python_dateutil-2.9.0.post0-py2.py3-none-any.whl", hash = "sha256:a8b2bc7bffae282281c8140a97d3aa9c14da0b136dfe83f850eea9a5f7470427"},
]

[[package]]
name = "six"
version = "1.17.0"
requires_python = "!=3.0.*,!=3.1.*,!=3.2.*,>=2.7"
summary = "Python 2 and 3 compatibility utilities"
groups = ["default"]
files = [
    {file = "six-1.17.0-py2.py3-none-any.whl", hash = "sha256:4721f391ed90541fddacab5acf947aa0d3dc7d27b2e1e8eda2be8970586c3274"},
    {file = "six-1.17.0.tar.gz", hash = "sha256:ff70335d468e7eb6ec65b95b99d3a2836546063f63acc5171de367e834932a81"},
]
